
Microsoft Visual Studio Solution File, Format Version 12.00
# Visual Studio Version 17
VisualStudioVersion = 17.12.35506.116
MinimumVisualStudioVersion = 10.0.40219.1
Project("{FAE04EC0-301F-11D3-BF4B-00C04F79EFBC}") = "csharp-exception-handling-guide", "csharp-exception-handling-guide\csharp-exception-handling-guide.csproj", "{099947B4-BA4F-4498-9861-D6276D27655C}"
EndProject
Project("{2150E333-8FDC-42A3-9474-1A3956D46DE8}") = "part-1-fundamentals", "part-1-fundamentals", "{6D66173C-BB40-44EF-A3ED-058F8BAB2D5C}"
EndProject
Project("{FAE04EC0-301F-11D3-BF4B-00C04F79EFBC}") = "csharp-exception-handling-hierarchies", "csharp-exception-handling-hierarchies\csharp-exception-handling-hierarchies.csproj", "{6324A09C-B2C6-4586-80DF-B877295D0F5F}"
EndProject
Project("{2150E333-8FDC-42A3-9474-1A3956D46DE8}") = "part-2-exception-hierarchies", "part-2-exception-hierarchies", "{7D8AE851-8394-4AA3-9C4D-3B42530974E9}"
EndProject
Global
	GlobalSection(SolutionConfigurationPlatforms) = preSolution
		Debug|Any CPU = Debug|Any CPU
		Release|Any CPU = Release|Any CPU
	EndGlobalSection
	GlobalSection(ProjectConfigurationPlatforms) = postSolution
		{099947B4-BA4F-4498-9861-D6276D27655C}.Debug|Any CPU.ActiveCfg = Debug|Any CPU
		{099947B4-BA4F-4498-9861-D6276D27655C}.Debug|Any CPU.Build.0 = Debug|Any CPU
		{099947B4-BA4F-4498-9861-D6276D27655C}.Release|Any CPU.ActiveCfg = Release|Any CPU
		{099947B4-BA4F-4498-9861-D6276D27655C}.Release|Any CPU.Build.0 = Release|Any CPU
		{6324A09C-B2C6-4586-80DF-B877295D0F5F}.Debug|Any CPU.ActiveCfg = Debug|Any CPU
		{6324A09C-B2C6-4586-80DF-B877295D0F5F}.Debug|Any CPU.Build.0 = Debug|Any CPU
		{6324A09C-B2C6-4586-80DF-B877295D0F5F}.Release|Any CPU.ActiveCfg = Release|Any CPU
		{6324A09C-B2C6-4586-80DF-B877295D0F5F}.Release|Any CPU.Build.0 = Release|Any CPU
	EndGlobalSection
	GlobalSection(SolutionProperties) = preSolution
		HideSolutionNode = FALSE
	EndGlobalSection
	GlobalSection(NestedProjects) = preSolution
		{099947B4-BA4F-4498-9861-D6276D27655C} = {6D66173C-BB40-44EF-A3ED-058F8BAB2D5C}
		{6324A09C-B2C6-4586-80DF-B877295D0F5F} = {7D8AE851-8394-4AA3-9C4D-3B42530974E9}
	EndGlobalSection
EndGlobal
